// !$*UTF8*$!
{
	archiveVersion = 1;
	classes = {
	};
	objectVersion = 46;
	objects = {

/* Begin PBXBuildFile section */
		006D720419952D00008149E2 /* AVFoundation.framework in Frameworks */ = {isa = PBXBuildFile; fileRef = 006D720219952D00008149E2 /* AVFoundation.framework */; };
		006D720519952D00008149E2 /* CoreMedia.framework in Frameworks */ = {isa = PBXBuildFile; fileRef = 006D720319952D00008149E2 /* CoreMedia.framework */; };
		0091D8F90E81B9330029341E /* OpenGL.framework in Frameworks */ = {isa = PBXBuildFile; fileRef = 0091D8F80E81B9330029341E /* OpenGL.framework */; };
		00B784B30FF439BC000DE1D7 /* Accelerate.framework in Frameworks */ = {isa = PBXBuildFile; fileRef = 00B784AF0FF439BC000DE1D7 /* Accelerate.framework */; };
		00B784B40FF439BC000DE1D7 /* AudioToolbox.framework in Frameworks */ = {isa = PBXBuildFile; fileRef = 00B784B00FF439BC000DE1D7 /* AudioToolbox.framework */; };
		00B784B50FF439BC000DE1D7 /* AudioUnit.framework in Frameworks */ = {isa = PBXBuildFile; fileRef = 00B784B10FF439BC000DE1D7 /* AudioUnit.framework */; };
		00B784B60FF439BC000DE1D7 /* CoreAudio.framework in Frameworks */ = {isa = PBXBuildFile; fileRef = 00B784B20FF439BC000DE1D7 /* CoreAudio.framework */; };
		00B9955A1B128DF400A5C623 /* IOKit.framework in Frameworks */ = {isa = PBXBuildFile; fileRef = 00B995581B128DF400A5C623 /* IOKit.framework */; };
		00B9955B1B128DF400A5C623 /* IOSurface.framework in Frameworks */ = {isa = PBXBuildFile; fileRef = 00B995591B128DF400A5C623 /* IOSurface.framework */; };
		5323E6B20EAFCA74003A9687 /* CoreVideo.framework in Frameworks */ = {isa = PBXBuildFile; fileRef = 5323E6B10EAFCA74003A9687 /* CoreVideo.framework */; };
		5A2673EF92184BC88AB8F0E2 /* OculusFMODApp.cpp in Sources */ = {isa = PBXBuildFile; fileRef = E622E7925D694F779B66280A /* OculusFMODApp.cpp */; };
		625A6A7C731D4C659EADA9F1 /* LibOVR.framework in Frameworks */ = {isa = PBXBuildFile; fileRef = CEE05EDF7EF44A6E958F22A0 /* LibOVR.framework */; };
		79374234CD7140A899BB7508 /* CinderOculus.cpp in Sources */ = {isa = PBXBuildFile; fileRef = 1711B95F53AA49B3814EFC11 /* CinderOculus.cpp */; };
		8589F365D27F4E2396AC72B4 /* libfmodex.dylib in CopyFiles */ = {isa = PBXBuildFile; fileRef = 53F9E90448404E23AF7E9562 /* libfmodex.dylib */; };
		8D11072F0486CEB800E47090 /* Cocoa.framework in Frameworks */ = {isa = PBXBuildFile; fileRef = 1058C7A1FEA54F0111CA2CBB /* Cocoa.framework */; };
		9C02A2361B72015E0007C22A /* VisualRenderer.cpp in Sources */ = {isa = PBXBuildFile; fileRef = 9C02A2341B72015E0007C22A /* VisualRenderer.cpp */; };
		9C02A2391B72519F0007C22A /* ParticleManager.cpp in Sources */ = {isa = PBXBuildFile; fileRef = 9C02A2371B72519F0007C22A /* ParticleManager.cpp */; };
		9C0B1C8D1B70164800662F98 /* LibOVR.framework in Frameworks */ = {isa = PBXBuildFile; fileRef = 9C0B1C8C1B70164800662F98 /* LibOVR.framework */; };
		9C7EC02D1B7A2797008E4D31 /* Craquement.wav in Resources */ = {isa = PBXBuildFile; fileRef = 9C7EC02C1B7A2797008E4D31 /* Craquement.wav */; };
		9CACBE121B7904D80046BD95 /* Drawable.cpp in Sources */ = {isa = PBXBuildFile; fileRef = 9CACBE101B7904D80046BD95 /* Drawable.cpp */; };
		9CACBE151B790A050046BD95 /* Tools.cpp in Sources */ = {isa = PBXBuildFile; fileRef = 9CACBE131B790A050046BD95 /* Tools.cpp */; };
		9CACBE181B7916D30046BD95 /* phong.frag in Resources */ = {isa = PBXBuildFile; fileRef = 9CACBE161B7916D30046BD95 /* phong.frag */; };
		9CACBE191B7916D30046BD95 /* phong.vert in Resources */ = {isa = PBXBuildFile; fileRef = 9CACBE171B7916D30046BD95 /* phong.vert */; };
		9CEB04781B70BBB30056985D /* Particle.cpp in Sources */ = {isa = PBXBuildFile; fileRef = 9CEB04761B70BBB30056985D /* Particle.cpp */; };
		9CEB047B1B70BBFF0056985D /* SoundManager.cpp in Sources */ = {isa = PBXBuildFile; fileRef = 9CEB04791B70BBFF0056985D /* SoundManager.cpp */; };
		9CEB047E1B70F01A0056985D /* Sound3D.cpp in Sources */ = {isa = PBXBuildFile; fileRef = 9CEB047C1B70F01A0056985D /* Sound3D.cpp */; };
		9CEB04811B70FDC40056985D /* ParticleLightBug.cpp in Sources */ = {isa = PBXBuildFile; fileRef = 9CEB047F1B70FDC40056985D /* ParticleLightBug.cpp */; };
		C7D2F997A1114117A7494CC1 /* CinderApp.icns in Resources */ = {isa = PBXBuildFile; fileRef = 2D6AABEF58C248C39879A8C6 /* CinderApp.icns */; };
/* End PBXBuildFile section */

/* Begin PBXCopyFilesBuildPhase section */
		4D2650B495D041EC908F0E9D /* CopyFiles */ = {
			isa = PBXCopyFilesBuildPhase;
			buildActionMask = 2147483647;
			dstPath = "";
			dstSubfolderSpec = 6;
			files = (
				8589F365D27F4E2396AC72B4 /* libfmodex.dylib in CopyFiles */,
			);
			runOnlyForDeploymentPostprocessing = 0;
		};
/* End PBXCopyFilesBuildPhase section */

/* Begin PBXFileReference section */
		006D720219952D00008149E2 /* AVFoundation.framework */ = {isa = PBXFileReference; lastKnownFileType = wrapper.framework; name = AVFoundation.framework; path = System/Library/Frameworks/AVFoundation.framework; sourceTree = SDKROOT; };
		006D720319952D00008149E2 /* CoreMedia.framework */ = {isa = PBXFileReference; lastKnownFileType = wrapper.framework; name = CoreMedia.framework; path = System/Library/Frameworks/CoreMedia.framework; sourceTree = SDKROOT; };
		0091D8F80E81B9330029341E /* OpenGL.framework */ = {isa = PBXFileReference; lastKnownFileType = wrapper.framework; name = OpenGL.framework; path = /System/Library/Frameworks/OpenGL.framework; sourceTree = "<absolute>"; };
		00B784AF0FF439BC000DE1D7 /* Accelerate.framework */ = {isa = PBXFileReference; lastKnownFileType = wrapper.framework; name = Accelerate.framework; path = System/Library/Frameworks/Accelerate.framework; sourceTree = SDKROOT; };
		00B784B00FF439BC000DE1D7 /* AudioToolbox.framework */ = {isa = PBXFileReference; lastKnownFileType = wrapper.framework; name = AudioToolbox.framework; path = System/Library/Frameworks/AudioToolbox.framework; sourceTree = SDKROOT; };
		00B784B10FF439BC000DE1D7 /* AudioUnit.framework */ = {isa = PBXFileReference; lastKnownFileType = wrapper.framework; name = AudioUnit.framework; path = System/Library/Frameworks/AudioUnit.framework; sourceTree = SDKROOT; };
		00B784B20FF439BC000DE1D7 /* CoreAudio.framework */ = {isa = PBXFileReference; lastKnownFileType = wrapper.framework; name = CoreAudio.framework; path = System/Library/Frameworks/CoreAudio.framework; sourceTree = SDKROOT; };
		00B995581B128DF400A5C623 /* IOKit.framework */ = {isa = PBXFileReference; lastKnownFileType = wrapper.framework; name = IOKit.framework; path = System/Library/Frameworks/IOKit.framework; sourceTree = SDKROOT; };
		00B995591B128DF400A5C623 /* IOSurface.framework */ = {isa = PBXFileReference; lastKnownFileType = wrapper.framework; name = IOSurface.framework; path = System/Library/Frameworks/IOSurface.framework; sourceTree = SDKROOT; };
		1058C7A1FEA54F0111CA2CBB /* Cocoa.framework */ = {isa = PBXFileReference; lastKnownFileType = wrapper.framework; name = Cocoa.framework; path = /System/Library/Frameworks/Cocoa.framework; sourceTree = "<absolute>"; };
		1711B95F53AA49B3814EFC11 /* CinderOculus.cpp */ = {isa = PBXFileReference; lastKnownFileType = sourcecode.c.cpp; name = CinderOculus.cpp; path = ../blocks/OculusRift/include/CinderOculus.cpp; sourceTree = "<group>"; };
		29B97324FDCFA39411CA2CEA /* AppKit.framework */ = {isa = PBXFileReference; lastKnownFileType = wrapper.framework; name = AppKit.framework; path = /System/Library/Frameworks/AppKit.framework; sourceTree = "<absolute>"; };
		29B97325FDCFA39411CA2CEA /* Foundation.framework */ = {isa = PBXFileReference; lastKnownFileType = wrapper.framework; name = Foundation.framework; path = /System/Library/Frameworks/Foundation.framework; sourceTree = "<absolute>"; };
		2D6AABEF58C248C39879A8C6 /* CinderApp.icns */ = {isa = PBXFileReference; lastKnownFileType = image.icns; name = CinderApp.icns; path = ../resources/CinderApp.icns; sourceTree = "<group>"; };
		5323E6B10EAFCA74003A9687 /* CoreVideo.framework */ = {isa = PBXFileReference; lastKnownFileType = wrapper.framework; name = CoreVideo.framework; path = /System/Library/Frameworks/CoreVideo.framework; sourceTree = "<absolute>"; };
		53F9E90448404E23AF7E9562 /* libfmodex.dylib */ = {isa = PBXFileReference; lastKnownFileType = "compiled.mach-o.dylib"; name = libfmodex.dylib; path = ../blocks/FMOD/lib/macosx/libfmodex.dylib; sourceTree = "<group>"; };
		5ABF5C901CF54A35A1CFC8DB /* OculusFMOD_Prefix.pch */ = {isa = PBXFileReference; lastKnownFileType = "\"\""; path = OculusFMOD_Prefix.pch; sourceTree = "<group>"; };
		8D1107320486CEB800E47090 /* OculusFMOD.app */ = {isa = PBXFileReference; explicitFileType = wrapper.application; includeInIndex = 0; path = OculusFMOD.app; sourceTree = BUILT_PRODUCTS_DIR; };
		9C02A2341B72015E0007C22A /* VisualRenderer.cpp */ = {isa = PBXFileReference; fileEncoding = 4; lastKnownFileType = sourcecode.cpp.cpp; name = VisualRenderer.cpp; path = ../src/VisualRenderer.cpp; sourceTree = "<group>"; };
		9C02A2351B72015E0007C22A /* VisualRenderer.h */ = {isa = PBXFileReference; fileEncoding = 4; lastKnownFileType = sourcecode.c.h; name = VisualRenderer.h; path = ../src/VisualRenderer.h; sourceTree = "<group>"; };
		9C02A2371B72519F0007C22A /* ParticleManager.cpp */ = {isa = PBXFileReference; fileEncoding = 4; lastKnownFileType = sourcecode.cpp.cpp; name = ParticleManager.cpp; path = ../src/ParticleManager.cpp; sourceTree = "<group>"; };
		9C02A2381B72519F0007C22A /* ParticleManager.h */ = {isa = PBXFileReference; fileEncoding = 4; lastKnownFileType = sourcecode.c.h; name = ParticleManager.h; path = ../src/ParticleManager.h; sourceTree = "<group>"; };
		9C0B1C8C1B70164800662F98 /* LibOVR.framework */ = {isa = PBXFileReference; lastKnownFileType = wrapper.framework; name = LibOVR.framework; path = ../blocks/OculusRift/LibOVR/Lib/Mac/Release/LibOVR.framework; sourceTree = "<group>"; };
		9C7EC02C1B7A2797008E4D31 /* Craquement.wav */ = {isa = PBXFileReference; lastKnownFileType = audio.wav; name = Craquement.wav; path = ../assets/Craquement.wav; sourceTree = "<group>"; };
		9CACBE101B7904D80046BD95 /* Drawable.cpp */ = {isa = PBXFileReference; fileEncoding = 4; lastKnownFileType = sourcecode.cpp.cpp; name = Drawable.cpp; path = ../src/Drawable.cpp; sourceTree = "<group>"; };
		9CACBE111B7904D80046BD95 /* Drawable.h */ = {isa = PBXFileReference; fileEncoding = 4; lastKnownFileType = sourcecode.c.h; name = Drawable.h; path = ../src/Drawable.h; sourceTree = "<group>"; };
		9CACBE131B790A050046BD95 /* Tools.cpp */ = {isa = PBXFileReference; fileEncoding = 4; lastKnownFileType = sourcecode.cpp.cpp; name = Tools.cpp; path = ../src/Tools.cpp; sourceTree = "<group>"; };
		9CACBE141B790A050046BD95 /* Tools.h */ = {isa = PBXFileReference; fileEncoding = 4; lastKnownFileType = sourcecode.c.h; name = Tools.h; path = ../src/Tools.h; sourceTree = "<group>"; };
		9CACBE161B7916D30046BD95 /* phong.frag */ = {isa = PBXFileReference; fileEncoding = 4; lastKnownFileType = sourcecode.glsl; name = phong.frag; path = ../assets/phong.frag; sourceTree = "<group>"; };
		9CACBE171B7916D30046BD95 /* phong.vert */ = {isa = PBXFileReference; fileEncoding = 4; lastKnownFileType = sourcecode.glsl; name = phong.vert; path = ../assets/phong.vert; sourceTree = "<group>"; };
		9CEB04761B70BBB30056985D /* Particle.cpp */ = {isa = PBXFileReference; fileEncoding = 4; lastKnownFileType = sourcecode.cpp.cpp; name = Particle.cpp; path = ../src/Particle.cpp; sourceTree = "<group>"; };
		9CEB04771B70BBB30056985D /* Particle.h */ = {isa = PBXFileReference; fileEncoding = 4; lastKnownFileType = sourcecode.c.h; name = Particle.h; path = ../src/Particle.h; sourceTree = "<group>"; };
		9CEB04791B70BBFF0056985D /* SoundManager.cpp */ = {isa = PBXFileReference; fileEncoding = 4; lastKnownFileType = sourcecode.cpp.cpp; name = SoundManager.cpp; path = ../src/SoundManager.cpp; sourceTree = "<group>"; };
		9CEB047A1B70BBFF0056985D /* SoundManager.h */ = {isa = PBXFileReference; fileEncoding = 4; lastKnownFileType = sourcecode.c.h; name = SoundManager.h; path = ../src/SoundManager.h; sourceTree = "<group>"; };
		9CEB047C1B70F01A0056985D /* Sound3D.cpp */ = {isa = PBXFileReference; fileEncoding = 4; lastKnownFileType = sourcecode.cpp.cpp; name = Sound3D.cpp; path = ../src/Sound3D.cpp; sourceTree = "<group>"; };
		9CEB047D1B70F01A0056985D /* Sound3D.h */ = {isa = PBXFileReference; fileEncoding = 4; lastKnownFileType = sourcecode.c.h; name = Sound3D.h; path = ../src/Sound3D.h; sourceTree = "<group>"; };
		9CEB047F1B70FDC40056985D /* ParticleLightBug.cpp */ = {isa = PBXFileReference; fileEncoding = 4; lastKnownFileType = sourcecode.cpp.cpp; name = ParticleLightBug.cpp; path = ../src/ParticleLightBug.cpp; sourceTree = "<group>"; };
		9CEB04801B70FDC40056985D /* ParticleLightBug.h */ = {isa = PBXFileReference; fileEncoding = 4; lastKnownFileType = sourcecode.c.h; name = ParticleLightBug.h; path = ../src/ParticleLightBug.h; sourceTree = "<group>"; };
		AC456D0E7F174ACCB1282044 /* Info.plist */ = {isa = PBXFileReference; lastKnownFileType = text.plist.xml; path = Info.plist; sourceTree = "<group>"; };
		CEE05EDF7EF44A6E958F22A0 /* LibOVR.framework */ = {isa = PBXFileReference; lastKnownFileType = wrapper.framework; name = LibOVR.framework; path = ../blocks/OculusRift/LibOVR/Lib/Mac/Release/LibOVR.framework; sourceTree = "<group>"; };
		E622E7925D694F779B66280A /* OculusFMODApp.cpp */ = {isa = PBXFileReference; lastKnownFileType = sourcecode.c.cpp; name = OculusFMODApp.cpp; path = ../src/OculusFMODApp.cpp; sourceTree = "<group>"; };
		F9432C6471B04967B7E4CD07 /* Resources.h */ = {isa = PBXFileReference; lastKnownFileType = sourcecode.c.h; name = Resources.h; path = ../include/Resources.h; sourceTree = "<group>"; };
		FF2D302275A74D9E8DBB9A2C /* CinderOculus.h */ = {isa = PBXFileReference; lastKnownFileType = sourcecode.c.h; name = CinderOculus.h; path = ../blocks/OculusRift/include/CinderOculus.h; sourceTree = "<group>"; };
/* End PBXFileReference section */

/* Begin PBXFrameworksBuildPhase section */
		8D11072E0486CEB800E47090 /* Frameworks */ = {
			isa = PBXFrameworksBuildPhase;
			buildActionMask = 2147483647;
			files = (
				006D720419952D00008149E2 /* AVFoundation.framework in Frameworks */,
				006D720519952D00008149E2 /* CoreMedia.framework in Frameworks */,
				8D11072F0486CEB800E47090 /* Cocoa.framework in Frameworks */,
				0091D8F90E81B9330029341E /* OpenGL.framework in Frameworks */,
				5323E6B20EAFCA74003A9687 /* CoreVideo.framework in Frameworks */,
				9C0B1C8D1B70164800662F98 /* LibOVR.framework in Frameworks */,
				00B784B30FF439BC000DE1D7 /* Accelerate.framework in Frameworks */,
				00B784B40FF439BC000DE1D7 /* AudioToolbox.framework in Frameworks */,
				00B784B50FF439BC000DE1D7 /* AudioUnit.framework in Frameworks */,
				00B784B60FF439BC000DE1D7 /* CoreAudio.framework in Frameworks */,
				00B9955A1B128DF400A5C623 /* IOKit.framework in Frameworks */,
				00B9955B1B128DF400A5C623 /* IOSurface.framework in Frameworks */,
				625A6A7C731D4C659EADA9F1 /* LibOVR.framework in Frameworks */,
			);
			runOnlyForDeploymentPostprocessing = 0;
		};
/* End PBXFrameworksBuildPhase section */

/* Begin PBXGroup section */
		01B97315FEAEA392516A2CEA /* Blocks */ = {
			isa = PBXGroup;
			children = (
				EBB91F5FE4244EE092560E01 /* OculusRift */,
				AD4546F530194AE697DF5EE7 /* FMOD */,
			);
			name = Blocks;
			sourceTree = "<group>";
		};
		080E96DDFE201D6D7F000001 /* Source */ = {
			isa = PBXGroup;
			children = (
				E622E7925D694F779B66280A /* OculusFMODApp.cpp */,
				9CEB04761B70BBB30056985D /* Particle.cpp */,
				9CEB04771B70BBB30056985D /* Particle.h */,
				9CEB04791B70BBFF0056985D /* SoundManager.cpp */,
				9CEB047A1B70BBFF0056985D /* SoundManager.h */,
				9CEB047C1B70F01A0056985D /* Sound3D.cpp */,
				9CEB047D1B70F01A0056985D /* Sound3D.h */,
				9CEB047F1B70FDC40056985D /* ParticleLightBug.cpp */,
				9CEB04801B70FDC40056985D /* ParticleLightBug.h */,
				9C02A2341B72015E0007C22A /* VisualRenderer.cpp */,
				9C02A2351B72015E0007C22A /* VisualRenderer.h */,
				9C02A2371B72519F0007C22A /* ParticleManager.cpp */,
				9C02A2381B72519F0007C22A /* ParticleManager.h */,
				9CACBE101B7904D80046BD95 /* Drawable.cpp */,
				9CACBE111B7904D80046BD95 /* Drawable.h */,
				9CACBE131B790A050046BD95 /* Tools.cpp */,
				9CACBE141B790A050046BD95 /* Tools.h */,
			);
			name = Source;
			sourceTree = "<group>";
		};
		1058C7A0FEA54F0111CA2CBB /* Linked Frameworks */ = {
			isa = PBXGroup;
			children = (
				9C0B1C8C1B70164800662F98 /* LibOVR.framework */,
				006D720219952D00008149E2 /* AVFoundation.framework */,
				006D720319952D00008149E2 /* CoreMedia.framework */,
				00B784AF0FF439BC000DE1D7 /* Accelerate.framework */,
				00B784B00FF439BC000DE1D7 /* AudioToolbox.framework */,
				00B784B10FF439BC000DE1D7 /* AudioUnit.framework */,
				00B784B20FF439BC000DE1D7 /* CoreAudio.framework */,
				5323E6B10EAFCA74003A9687 /* CoreVideo.framework */,
				0091D8F80E81B9330029341E /* OpenGL.framework */,
				1058C7A1FEA54F0111CA2CBB /* Cocoa.framework */,
				00B995581B128DF400A5C623 /* IOKit.framework */,
				00B995591B128DF400A5C623 /* IOSurface.framework */,
			);
			name = "Linked Frameworks";
			sourceTree = "<group>";
		};
		1058C7A2FEA54F0111CA2CBB /* Other Frameworks */ = {
			isa = PBXGroup;
			children = (
				29B97324FDCFA39411CA2CEA /* AppKit.framework */,
				29B97325FDCFA39411CA2CEA /* Foundation.framework */,
			);
			name = "Other Frameworks";
			sourceTree = "<group>";
		};
		19C28FACFE9D520D11CA2CBB /* Products */ = {
			isa = PBXGroup;
			children = (
				8D1107320486CEB800E47090 /* OculusFMOD.app */,
			);
			name = Products;
			sourceTree = "<group>";
		};
		29B97314FDCFA39411CA2CEA /* OculusFMOD */ = {
			isa = PBXGroup;
			children = (
				01B97315FEAEA392516A2CEA /* Blocks */,
				29B97315FDCFA39411CA2CEA /* Headers */,
				080E96DDFE201D6D7F000001 /* Source */,
				29B97317FDCFA39411CA2CEA /* Resources */,
				29B97323FDCFA39411CA2CEA /* Frameworks */,
				19C28FACFE9D520D11CA2CBB /* Products */,
			);
			name = OculusFMOD;
			sourceTree = "<group>";
		};
		29B97315FDCFA39411CA2CEA /* Headers */ = {
			isa = PBXGroup;
			children = (
				F9432C6471B04967B7E4CD07 /* Resources.h */,
				5ABF5C901CF54A35A1CFC8DB /* OculusFMOD_Prefix.pch */,
			);
			name = Headers;
			sourceTree = "<group>";
		};
		29B97317FDCFA39411CA2CEA /* Resources */ = {
			isa = PBXGroup;
			children = (
				9C7EC02C1B7A2797008E4D31 /* Craquement.wav */,
				9CACBE161B7916D30046BD95 /* phong.frag */,
				9CACBE171B7916D30046BD95 /* phong.vert */,
				2D6AABEF58C248C39879A8C6 /* CinderApp.icns */,
				AC456D0E7F174ACCB1282044 /* Info.plist */,
			);
			name = Resources;
			sourceTree = "<group>";
		};
		29B97323FDCFA39411CA2CEA /* Frameworks */ = {
			isa = PBXGroup;
			children = (
				1058C7A0FEA54F0111CA2CBB /* Linked Frameworks */,
				1058C7A2FEA54F0111CA2CBB /* Other Frameworks */,
			);
			name = Frameworks;
			sourceTree = "<group>";
		};
		3060796E6DDF49D190C96452 /* LibOVR */ = {
			isa = PBXGroup;
			children = (
				410F93AB9EBD4F8CB250ACAF /* Lib */,
			);
			name = LibOVR;
			sourceTree = "<group>";
		};
		410F93AB9EBD4F8CB250ACAF /* Lib */ = {
			isa = PBXGroup;
			children = (
				4B6E4E5D8F6D4D218D8F77B9 /* Mac */,
			);
			name = Lib;
			sourceTree = "<group>";
		};
		4B6E4E5D8F6D4D218D8F77B9 /* Mac */ = {
			isa = PBXGroup;
			children = (
				BBD9F89BE0604463AD2B8208 /* Release */,
			);
			name = Mac;
			sourceTree = "<group>";
		};
		4C16AD2E08D74C539C75FD2A /* include */ = {
			isa = PBXGroup;
			children = (
				FF2D302275A74D9E8DBB9A2C /* CinderOculus.h */,
				1711B95F53AA49B3814EFC11 /* CinderOculus.cpp */,
			);
			name = include;
			sourceTree = "<group>";
		};
		AD4546F530194AE697DF5EE7 /* FMOD */ = {
			isa = PBXGroup;
			children = (
				C59180247D214E1ABD044AC8 /* lib */,
			);
			name = FMOD;
			sourceTree = "<group>";
		};
		BBD9F89BE0604463AD2B8208 /* Release */ = {
			isa = PBXGroup;
			children = (
				CEE05EDF7EF44A6E958F22A0 /* LibOVR.framework */,
			);
			name = Release;
			sourceTree = "<group>";
		};
		C59180247D214E1ABD044AC8 /* lib */ = {
			isa = PBXGroup;
			children = (
				FA20ADC201C64A81AFCD77B8 /* macosx */,
			);
			name = lib;
			sourceTree = "<group>";
		};
		EBB91F5FE4244EE092560E01 /* OculusRift */ = {
			isa = PBXGroup;
			children = (
				4C16AD2E08D74C539C75FD2A /* include */,
				3060796E6DDF49D190C96452 /* LibOVR */,
			);
			name = OculusRift;
			sourceTree = "<group>";
		};
		FA20ADC201C64A81AFCD77B8 /* macosx */ = {
			isa = PBXGroup;
			children = (
				53F9E90448404E23AF7E9562 /* libfmodex.dylib */,
			);
			name = macosx;
			sourceTree = "<group>";
		};
/* End PBXGroup section */

/* Begin PBXNativeTarget section */
		8D1107260486CEB800E47090 /* OculusFMOD */ = {
			isa = PBXNativeTarget;
			buildConfigurationList = C01FCF4A08A954540054247B /* Build configuration list for PBXNativeTarget "OculusFMOD" */;
			buildPhases = (
				8D1107290486CEB800E47090 /* Resources */,
				8D11072C0486CEB800E47090 /* Sources */,
				8D11072E0486CEB800E47090 /* Frameworks */,
				4D2650B495D041EC908F0E9D /* CopyFiles */,
			);
			buildRules = (
			);
			dependencies = (
			);
			name = OculusFMOD;
			productInstallPath = "$(HOME)/Applications";
			productName = OculusFMOD;
			productReference = 8D1107320486CEB800E47090 /* OculusFMOD.app */;
			productType = "com.apple.product-type.application";
		};
/* End PBXNativeTarget section */

/* Begin PBXProject section */
		29B97313FDCFA39411CA2CEA /* Project object */ = {
			isa = PBXProject;
			attributes = {
			};
			buildConfigurationList = C01FCF4E08A954540054247B /* Build configuration list for PBXProject "OculusFMOD" */;
			compatibilityVersion = "Xcode 3.2";
			developmentRegion = English;
			hasScannedForEncodings = 1;
			knownRegions = (
				English,
				Japanese,
				French,
				German,
			);
			mainGroup = 29B97314FDCFA39411CA2CEA /* OculusFMOD */;
			projectDirPath = "";
			projectRoot = "";
			targets = (
				8D1107260486CEB800E47090 /* OculusFMOD */,
			);
		};
/* End PBXProject section */

/* Begin PBXResourcesBuildPhase section */
		8D1107290486CEB800E47090 /* Resources */ = {
			isa = PBXResourcesBuildPhase;
			buildActionMask = 2147483647;
			files = (
				9CACBE191B7916D30046BD95 /* phong.vert in Resources */,
				9CACBE181B7916D30046BD95 /* phong.frag in Resources */,
				C7D2F997A1114117A7494CC1 /* CinderApp.icns in Resources */,
				9C7EC02D1B7A2797008E4D31 /* Craquement.wav in Resources */,
			);
			runOnlyForDeploymentPostprocessing = 0;
		};
/* End PBXResourcesBuildPhase section */

/* Begin PBXSourcesBuildPhase section */
		8D11072C0486CEB800E47090 /* Sources */ = {
			isa = PBXSourcesBuildPhase;
			buildActionMask = 2147483647;
			files = (
				9CEB047E1B70F01A0056985D /* Sound3D.cpp in Sources */,
				9CACBE151B790A050046BD95 /* Tools.cpp in Sources */,
				9C02A2361B72015E0007C22A /* VisualRenderer.cpp in Sources */,
				9CEB04811B70FDC40056985D /* ParticleLightBug.cpp in Sources */,
				9CACBE121B7904D80046BD95 /* Drawable.cpp in Sources */,
				9C02A2391B72519F0007C22A /* ParticleManager.cpp in Sources */,
				5A2673EF92184BC88AB8F0E2 /* OculusFMODApp.cpp in Sources */,
				9CEB047B1B70BBFF0056985D /* SoundManager.cpp in Sources */,
				9CEB04781B70BBB30056985D /* Particle.cpp in Sources */,
				79374234CD7140A899BB7508 /* CinderOculus.cpp in Sources */,
			);
			runOnlyForDeploymentPostprocessing = 0;
		};
/* End PBXSourcesBuildPhase section */

/* Begin XCBuildConfiguration section */
		C01FCF4B08A954540054247B /* Debug */ = {
			isa = XCBuildConfiguration;
			buildSettings = {
				COMBINE_HIDPI_IMAGES = YES;
				COPY_PHASE_STRIP = NO;
				DEAD_CODE_STRIPPING = YES;
				FRAMEWORK_SEARCH_PATHS = (
					"$(inherited)",
					"/Users/baptistebohelay/Dev/cinder/Cinder-Next/samples/OculusFMOD/blocks/OculusRift/LibOVR/Lib/Mac/Release",
				);
				GCC_DYNAMIC_NO_PIC = NO;
				GCC_INLINES_ARE_PRIVATE_EXTERN = YES;
				GCC_OPTIMIZATION_LEVEL = 0;
				GCC_PRECOMPILE_PREFIX_HEADER = YES;
				GCC_PREFIX_HEADER = OculusFMOD_Prefix.pch;
				GCC_PREPROCESSOR_DEFINITIONS = (
					"DEBUG=1",
					"$(inherited)",
				);
				GCC_SYMBOLS_PRIVATE_EXTERN = NO;
				INFOPLIST_FILE = Info.plist;
				INSTALL_PATH = "$(HOME)/Applications";
				OTHER_LDFLAGS = (
					"\"$(CINDER_PATH)/lib/libcinder_d.a\"",
					../blocks/FMOD/lib/macosx/libfmodex.dylib,
				);
				PRODUCT_BUNDLE_IDENTIFIER = "org.libcinder.${PRODUCT_NAME:rfc1034identifier}";
				PRODUCT_NAME = OculusFMOD;
				SYMROOT = ./build;
				WRAPPER_EXTENSION = app;
			};
			name = Debug;
		};
		C01FCF4C08A954540054247B /* Release */ = {
			isa = XCBuildConfiguration;
			buildSettings = {
				COMBINE_HIDPI_IMAGES = YES;
				DEAD_CODE_STRIPPING = YES;
				DEBUG_INFORMATION_FORMAT = "dwarf-with-dsym";
				FRAMEWORK_SEARCH_PATHS = (
					"$(inherited)",
					"/Users/baptistebohelay/Dev/cinder/Cinder-Next/samples/OculusFMOD/blocks/OculusRift/LibOVR/Lib/Mac/Release",
				);
				GCC_FAST_MATH = YES;
				GCC_GENERATE_DEBUGGING_SYMBOLS = NO;
				GCC_INLINES_ARE_PRIVATE_EXTERN = YES;
				GCC_OPTIMIZATION_LEVEL = 3;
				GCC_PRECOMPILE_PREFIX_HEADER = YES;
				GCC_PREFIX_HEADER = OculusFMOD_Prefix.pch;
				GCC_PREPROCESSOR_DEFINITIONS = (
					"NDEBUG=1",
					"$(inherited)",
				);
				GCC_SYMBOLS_PRIVATE_EXTERN = NO;
				INFOPLIST_FILE = Info.plist;
				INSTALL_PATH = "$(HOME)/Applications";
				OTHER_LDFLAGS = (
					"\"$(CINDER_PATH)/lib/libcinder.a\"",
					../blocks/FMOD/lib/macosx/libfmodex.dylib,
				);
				PRODUCT_BUNDLE_IDENTIFIER = "org.libcinder.${PRODUCT_NAME:rfc1034identifier}";
				PRODUCT_NAME = OculusFMOD;
				STRIP_INSTALLED_PRODUCT = YES;
				SYMROOT = ./build;
				WRAPPER_EXTENSION = app;
			};
			name = Release;
		};
		C01FCF4F08A954540054247B /* Debug */ = {
			isa = XCBuildConfiguration;
			buildSettings = {
				ALWAYS_SEARCH_USER_PATHS = NO;
				CINDER_PATH = ../../..;
				CLANG_CXX_LANGUAGE_STANDARD = "c++14";
				CLANG_CXX_LIBRARY = "libc++";
				ENABLE_TESTABILITY = YES;
				GCC_WARN_ABOUT_RETURN_TYPE = YES;
				GCC_WARN_UNUSED_VARIABLE = YES;
				HEADER_SEARCH_PATHS = "\"$(CINDER_PATH)/include\"";
				MACOSX_DEPLOYMENT_TARGET = 10.8;
				ONLY_ACTIVE_ARCH = YES;
				SDKROOT = macosx;
				USER_HEADER_SEARCH_PATHS = "\"$(CINDER_PATH)/include\" ../include ../blocks/OculusRift/include ../blocks/OculusRift/LibOVR/Include ../blocks/FMOD/include";
			};
			name = Debug;
		};
		C01FCF5008A954540054247B /* Release */ = {
			isa = XCBuildConfiguration;
			buildSettings = {
				ALWAYS_SEARCH_USER_PATHS = NO;
				CINDER_PATH = ../../..;
				CLANG_CXX_LANGUAGE_STANDARD = "c++14";
				CLANG_CXX_LIBRARY = "libc++";
				GCC_WARN_ABOUT_RETURN_TYPE = YES;
				GCC_WARN_UNUSED_VARIABLE = YES;
				HEADER_SEARCH_PATHS = "\"$(CINDER_PATH)/include\"";
				MACOSX_DEPLOYMENT_TARGET = 10.8;
				SDKROOT = macosx;
				USER_HEADER_SEARCH_PATHS = "\"$(CINDER_PATH)/include\" ../include ../blocks/OculusRift/include ../blocks/OculusRift/LibOVR/Include ../blocks/FMOD/include";
			};
			name = Release;
		};
/* End XCBuildConfiguration section */

/* Begin XCConfigurationList section */
		C01FCF4A08A954540054247B /* Build configuration list for PBXNativeTarget "OculusFMOD" */ = {
			isa = XCConfigurationList;
			buildConfigurations = (
				C01FCF4B08A954540054247B /* Debug */,
				C01FCF4C08A954540054247B /* Release */,
			);
			defaultConfigurationIsVisible = 0;
			defaultConfigurationName = Release;
		};
		C01FCF4E08A954540054247B /* Build configuration list for PBXProject "OculusFMOD" */ = {
			isa = XCConfigurationList;
			buildConfigurations = (
				C01FCF4F08A954540054247B /* Debug */,
				C01FCF5008A954540054247B /* Release */,
			);
			defaultConfigurationIsVisible = 0;
			defaultConfigurationName = Release;
		};
/* End XCConfigurationList section */
	};
	rootObject = 29B97313FDCFA39411CA2CEA /* Project object */;
}
